
Microsoft Visual Studio Solution File, Format Version 12.00
# Visual Studio Version 16
VisualStudioVersion = 16.0.29009.5
MinimumVisualStudioVersion = 10.0.40219.1
Project("{FAE04EC0-301F-11D3-BF4B-00C04F79EFBC}") = "ModularEncountersSpawner", "ModularEncountersSpawner.csproj", "{3D1B08DF-10E2-4774-98AB-F71593E47E3A}"
EndProject
Global
	GlobalSection(SolutionConfigurationPlatforms) = preSolution
		Debug|Any CPU = Debug|Any CPU
		Release|Any CPU = Release|Any CPU
	EndGlobalSection
	GlobalSection(ProjectConfigurationPlatforms) = postSolution
		{3D1B08DF-10E2-4774-98AB-F71593E47E3A}.Debug|Any CPU.ActiveCfg = Debug|Any CPU
		{3D1B08DF-10E2-4774-98AB-F71593E47E3A}.Debug|Any CPU.Build.0 = Debug|Any CPU
		{3D1B08DF-10E2-4774-98AB-F71593E47E3A}.Release|Any CPU.ActiveCfg = Release|Any CPU
		{3D1B08DF-10E2-4774-98AB-F71593E47E3A}.Release|Any CPU.Build.0 = Release|Any CPU
	EndGlobalSection
	GlobalSection(SolutionProperties) = preSolution
		HideSolutionNode = FALSE
	EndGlobalSection
	GlobalSection(ExtensibilityGlobals) = postSolution
		SolutionGuid = {1CD09F0D-345F-4D2A-B41C-B59D00722FF1}
	EndGlobalSection
EndGlobal
